
Microsoft Visual Studio Solution File, Format Version 12.00
# Visual Studio 15
VisualStudioVersion = 15.0.27130.2026
MinimumVisualStudioVersion = 10.0.40219.1
Project("{8BC9CEB8-8B4A-11D0-8D11-00A0C91BC942}") = "Project01", "Project01\Project01.vcxproj", "{14BD93C7-F3CA-4525-B916-1CA63C792E5E}"
EndProject
Global
	GlobalSection(SolutionConfigurationPlatforms) = preSolution
		Debug|x64 = Debug|x64
		Debug|x86 = Debug|x86
		Release|x64 = Release|x64
		Release|x86 = Release|x86
	EndGlobalSection
	GlobalSection(ProjectConfigurationPlatforms) = postSolution
		{14BD93C7-F3CA-4525-B916-1CA63C792E5E}.Debug|x64.ActiveCfg = Debug|x64
		{14BD93C7-F3CA-4525-B916-1CA63C792E5E}.Debug|x64.Build.0 = Debug|x64
		{14BD93C7-F3CA-4525-B916-1CA63C792E5E}.Debug|x86.ActiveCfg = Debug|Win32
		{14BD93C7-F3CA-4525-B916-1CA63C792E5E}.Debug|x86.Build.0 = Debug|Win32
		{14BD93C7-F3CA-4525-B916-1CA63C792E5E}.Release|x64.ActiveCfg = Release|x64
		{14BD93C7-F3CA-4525-B916-1CA63C792E5E}.Release|x64.Build.0 = Release|x64
		{14BD93C7-F3CA-4525-B916-1CA63C792E5E}.Release|x86.ActiveCfg = Release|Win32
		{14BD93C7-F3CA-4525-B916-1CA63C792E5E}.Release|x86.Build.0 = Release|Win32
	EndGlobalSection
	GlobalSection(SolutionProperties) = preSolution
		HideSolutionNode = FALSE
	EndGlobalSection
	GlobalSection(ExtensibilityGlobals) = postSolution
		SolutionGuid = {4A98764C-515B-4D0B-AFAE-903242AB5C4D}
	EndGlobalSection
EndGlobal
